
Microsoft Visual Studio Solution File, Format Version 12.00
# Visual Studio 15
VisualStudioVersion = 15.0.28010.2046
MinimumVisualStudioVersion = 10.0.40219.1
Project("{FAE04EC0-301F-11D3-BF4B-00C04F79EFBC}") = "LexerCalculator.ClassLibrary", "LexerCalculator.ClassLIbrary\LexerCalculator.ClassLibrary.csproj", "{4BB81746-39F9-4E9F-AA3D-222C913D10D5}"
EndProject
Project("{FAE04EC0-301F-11D3-BF4B-00C04F79EFBC}") = "LexerCalculator.Console", "LexerCalculator.Console\LexerCalculator.Console.csproj", "{AEF2DBF1-8B18-47EF-AECE-684E1F3108BE}"
EndProject
Project("{FAE04EC0-301F-11D3-BF4B-00C04F79EFBC}") = "LexerCalculator.Tests", "LexerCalculator.Tests\LexerCalculator.Tests.csproj", "{8E302B03-EE03-4EE2-B1B0-812B426B9AD4}"
EndProject
Global
	GlobalSection(SolutionConfigurationPlatforms) = preSolution
		Debug|Any CPU = Debug|Any CPU
		Release|Any CPU = Release|Any CPU
	EndGlobalSection
	GlobalSection(ProjectConfigurationPlatforms) = postSolution
		{4BB81746-39F9-4E9F-AA3D-222C913D10D5}.Debug|Any CPU.ActiveCfg = Debug|Any CPU
		{4BB81746-39F9-4E9F-AA3D-222C913D10D5}.Debug|Any CPU.Build.0 = Debug|Any CPU
		{4BB81746-39F9-4E9F-AA3D-222C913D10D5}.Release|Any CPU.ActiveCfg = Release|Any CPU
		{4BB81746-39F9-4E9F-AA3D-222C913D10D5}.Release|Any CPU.Build.0 = Release|Any CPU
		{AEF2DBF1-8B18-47EF-AECE-684E1F3108BE}.Debug|Any CPU.ActiveCfg = Debug|Any CPU
		{AEF2DBF1-8B18-47EF-AECE-684E1F3108BE}.Debug|Any CPU.Build.0 = Debug|Any CPU
		{AEF2DBF1-8B18-47EF-AECE-684E1F3108BE}.Release|Any CPU.ActiveCfg = Release|Any CPU
		{AEF2DBF1-8B18-47EF-AECE-684E1F3108BE}.Release|Any CPU.Build.0 = Release|Any CPU
		{8E302B03-EE03-4EE2-B1B0-812B426B9AD4}.Debug|Any CPU.ActiveCfg = Debug|Any CPU
		{8E302B03-EE03-4EE2-B1B0-812B426B9AD4}.Debug|Any CPU.Build.0 = Debug|Any CPU
		{8E302B03-EE03-4EE2-B1B0-812B426B9AD4}.Release|Any CPU.ActiveCfg = Release|Any CPU
		{8E302B03-EE03-4EE2-B1B0-812B426B9AD4}.Release|Any CPU.Build.0 = Release|Any CPU
	EndGlobalSection
	GlobalSection(SolutionProperties) = preSolution
		HideSolutionNode = FALSE
	EndGlobalSection
	GlobalSection(ExtensibilityGlobals) = postSolution
		SolutionGuid = {5A191036-CD31-4BC7-BAFB-A3B6E78262A6}
	EndGlobalSection
EndGlobal
